
Microsoft Visual Studio Solution File, Format Version 12.00
# Visual Studio Version 17
VisualStudioVersion = 17.14.36811.4
MinimumVisualStudioVersion = 10.0.40219.1
Project("{FAE04EC0-301F-11D3-BF4B-00C04F79EFBC}") = "pokemonQuartett", "pokemonQuartett\pokemonQuartett.csproj", "{B1529918-A38C-411F-9483-DED4760305DD}"
EndProject
Global
	GlobalSection(SolutionConfigurationPlatforms) = preSolution
		Debug|Any CPU = Debug|Any CPU
		Release|Any CPU = Release|Any CPU
	EndGlobalSection
	GlobalSection(ProjectConfigurationPlatforms) = postSolution
		{B1529918-A38C-411F-9483-DED4760305DD}.Debug|Any CPU.ActiveCfg = Debug|Any CPU
		{B1529918-A38C-411F-9483-DED4760305DD}.Debug|Any CPU.Build.0 = Debug|Any CPU
		{B1529918-A38C-411F-9483-DED4760305DD}.Release|Any CPU.ActiveCfg = Release|Any CPU
		{B1529918-A38C-411F-9483-DED4760305DD}.Release|Any CPU.Build.0 = Release|Any CPU
	EndGlobalSection
	GlobalSection(SolutionProperties) = preSolution
		HideSolutionNode = FALSE
	EndGlobalSection
	GlobalSection(ExtensibilityGlobals) = postSolution
		SolutionGuid = {1192C75F-65D1-48DD-A2D5-C14681DF0715}
	EndGlobalSection
EndGlobal
